# @generated - this file is auto-generated by `mise lock` https://mise.jdx.dev/dev-tools/mise-lock.html

[[tools.age]]
version = "1.2.1"
backend = "aqua:FiloSottile/age"

[[tools.fnox]]
version = "1.33.0"
backend = "github:jdx/fnox"

[[tools.hadolint]]
version = "2.14.0"
backend = "aqua:hadolint/hadolint"

[[tools.hk]]
version = "1.54.1"
backend = "aqua:jdx/hk"

[[tools.pinact]]
version = "3.4.2"
backend = "aqua:suzuki-shunsuke/pinact"

[[tools.pitchfork]]
version = "2.21.0"
backend = "aqua:jdx/pitchfork"

[[tools.pkl]]
version = "0.32.1"
backend = "aqua:apple/pkl"
